
Microsoft Visual Studio Solution File, Format Version 12.00
# Visual Studio Version 16
VisualStudioVersion = 16.0.31702.278
MinimumVisualStudioVersion = 10.0.40219.1
Project("{FAE04EC0-301F-11D3-BF4B-00C04F79EFBC}") = "CaptureSystem", "CaptureSystem\CaptureSystem.csproj", "{B77AD302-AB28-4DD6-BBCF-81C0A8AF9391}"
EndProject
Global
	GlobalSection(SolutionConfigurationPlatforms) = preSolution
		Debug|Any CPU = Debug|Any CPU
		Release|Any CPU = Release|Any CPU
	EndGlobalSection
	GlobalSection(ProjectConfigurationPlatforms) = postSolution
		{B77AD302-AB28-4DD6-BBCF-81C0A8AF9391}.Debug|Any CPU.ActiveCfg = Debug|Any CPU
		{B77AD302-AB28-4DD6-BBCF-81C0A8AF9391}.Debug|Any CPU.Build.0 = Debug|Any CPU
		{B77AD302-AB28-4DD6-BBCF-81C0A8AF9391}.Release|Any CPU.ActiveCfg = Release|Any CPU
		{B77AD302-AB28-4DD6-BBCF-81C0A8AF9391}.Release|Any CPU.Build.0 = Release|Any CPU
	EndGlobalSection
	GlobalSection(SolutionProperties) = preSolution
		HideSolutionNode = FALSE
	EndGlobalSection
	GlobalSection(ExtensibilityGlobals) = postSolution
		SolutionGuid = {754E7268-8B49-4326-BD50-CF3D9A33AE6B}
	EndGlobalSection
EndGlobal
